
Microsoft Visual Studio Solution File, Format Version 11.00
# Visual Studio 2010
Project("{FAE04EC0-301F-11D3-BF4B-00C04F79EFBC}") = "Assembly-CSharp", "Assembly-CSharp.csproj", "{13f08826-fe09-9275-2944-fc69f863f8a0}"
EndProject
Project("{FAE04EC0-301F-11D3-BF4B-00C04F79EFBC}") = "Assembly-CSharp-Editor", "Assembly-CSharp-Editor.csproj", "{8296f0e1-9e70-8030-b0a2-3573e666940c}"
EndProject
Global
	GlobalSection(SolutionConfigurationPlatforms) = preSolution
		Debug|Any CPU = Debug|Any CPU
	EndGlobalSection
	GlobalSection(ProjectConfigurationPlatforms) = postSolution
		{13f08826-fe09-9275-2944-fc69f863f8a0}.Debug|Any CPU.ActiveCfg = Debug|Any CPU
		{13f08826-fe09-9275-2944-fc69f863f8a0}.Debug|Any CPU.Build.0 = Debug|Any CPU
		{8296f0e1-9e70-8030-b0a2-3573e666940c}.Debug|Any CPU.ActiveCfg = Debug|Any CPU
		{8296f0e1-9e70-8030-b0a2-3573e666940c}.Debug|Any CPU.Build.0 = Debug|Any CPU
	EndGlobalSection
	GlobalSection(SolutionProperties) = preSolution
		HideSolutionNode = FALSE
	EndGlobalSection
EndGlobal
