
Microsoft Visual Studio Solution File, Format Version 12.00
# Visual Studio 15
Project("{FAE04EC0-301F-11D3-BF4B-00C04F79EFBC}") = "AstarPathfindingProject", "AstarPathfindingProject.csproj", "{62912701-07DA-3E04-7E72-189FD7C1A08E}"
EndProject
Project("{FAE04EC0-301F-11D3-BF4B-00C04F79EFBC}") = "Assembly-CSharp", "Assembly-CSharp.csproj", "{2688F013-09FE-7592-2944-FC69F863F8A0}"
EndProject
Project("{FAE04EC0-301F-11D3-BF4B-00C04F79EFBC}") = "PackageToolsEditor", "PackageToolsEditor.csproj", "{31D36CF1-8BAF-EEC9-91DC-F6E2698DB653}"
EndProject
Project("{FAE04EC0-301F-11D3-BF4B-00C04F79EFBC}") = "AstarPathfindingProjectEditor", "AstarPathfindingProjectEditor.csproj", "{182DB03F-C244-343B-C30B-95E8DEE1AE89}"
EndProject
Project("{FAE04EC0-301F-11D3-BF4B-00C04F79EFBC}") = "Assembly-CSharp-Editor", "Assembly-CSharp-Editor.csproj", "{E1F09682-709E-3080-B0A2-3573E666940C}"
EndProject
Global
	GlobalSection(SolutionConfigurationPlatforms) = preSolution
		Debug|Any CPU = Debug|Any CPU
		Release|Any CPU = Release|Any CPU
	EndGlobalSection
	GlobalSection(ProjectConfigurationPlatforms) = postSolution
		{62912701-07DA-3E04-7E72-189FD7C1A08E}.Debug|Any CPU.ActiveCfg = Debug|Any CPU
		{62912701-07DA-3E04-7E72-189FD7C1A08E}.Debug|Any CPU.Build.0 = Debug|Any CPU
		{62912701-07DA-3E04-7E72-189FD7C1A08E}.Release|Any CPU.ActiveCfg = Release|Any CPU
		{62912701-07DA-3E04-7E72-189FD7C1A08E}.Release|Any CPU.Build.0 = Release|Any CPU
		{2688F013-09FE-7592-2944-FC69F863F8A0}.Debug|Any CPU.ActiveCfg = Debug|Any CPU
		{2688F013-09FE-7592-2944-FC69F863F8A0}.Debug|Any CPU.Build.0 = Debug|Any CPU
		{2688F013-09FE-7592-2944-FC69F863F8A0}.Release|Any CPU.ActiveCfg = Release|Any CPU
		{2688F013-09FE-7592-2944-FC69F863F8A0}.Release|Any CPU.Build.0 = Release|Any CPU
		{31D36CF1-8BAF-EEC9-91DC-F6E2698DB653}.Debug|Any CPU.ActiveCfg = Debug|Any CPU
		{31D36CF1-8BAF-EEC9-91DC-F6E2698DB653}.Debug|Any CPU.Build.0 = Debug|Any CPU
		{31D36CF1-8BAF-EEC9-91DC-F6E2698DB653}.Release|Any CPU.ActiveCfg = Release|Any CPU
		{31D36CF1-8BAF-EEC9-91DC-F6E2698DB653}.Release|Any CPU.Build.0 = Release|Any CPU
		{182DB03F-C244-343B-C30B-95E8DEE1AE89}.Debug|Any CPU.ActiveCfg = Debug|Any CPU
		{182DB03F-C244-343B-C30B-95E8DEE1AE89}.Debug|Any CPU.Build.0 = Debug|Any CPU
		{182DB03F-C244-343B-C30B-95E8DEE1AE89}.Release|Any CPU.ActiveCfg = Release|Any CPU
		{182DB03F-C244-343B-C30B-95E8DEE1AE89}.Release|Any CPU.Build.0 = Release|Any CPU
		{E1F09682-709E-3080-B0A2-3573E666940C}.Debug|Any CPU.ActiveCfg = Debug|Any CPU
		{E1F09682-709E-3080-B0A2-3573E666940C}.Debug|Any CPU.Build.0 = Debug|Any CPU
		{E1F09682-709E-3080-B0A2-3573E666940C}.Release|Any CPU.ActiveCfg = Release|Any CPU
		{E1F09682-709E-3080-B0A2-3573E666940C}.Release|Any CPU.Build.0 = Release|Any CPU
	EndGlobalSection
	GlobalSection(SolutionProperties) = preSolution
		HideSolutionNode = FALSE
	EndGlobalSection
EndGlobal
